{
  "object": {
    "pins": [
      {
        "package": "swift-utilities",
        "repositoryURL": "https://github.com/gestrich/swift-utilities.git",
        "state": {
          "branch": null,
          "revision": "b1586a95d0737fcce79ffe16f4d84afb2507297b",
          "version": "0.2.0"
        }
      }
    ]
  },
  "version": 1
}
