{
  "object": {
    "pins": [
      {
        "package": "swift-utilities",
        "repositoryURL": "https://github.com/gestrich/swift-utilities.git",
        "state": {
          "branch": null,
          "revision": "528511fdbc13d8eb82b4f74a44663c9f40e44a83",
          "version": "0.3.0"
        }
      }
    ]
  },
  "version": 1
}
