{
  "object": {
    "pins": [
      {
        "package": "swift-utilities",
        "repositoryURL": "https://github.com/gestrich/swift-utilities.git",
        "state": {
          "branch": null,
          "revision": "49935234c379b4ba2cd68eb2c72200c2b700a937",
          "version": "0.1.0"
        }
      }
    ]
  },
  "version": 1
}
